# This file is automatically @generated by Cargo.
# It is not intended for manual editing.
version = 3

[[package]]
name = "greetings"
version = "0.1.0"
dependencies = [
 "greetingsLib",
]

[[package]]
name = "greetingsLib"
version = "0.1.0"
source = "git+https://github.com/jimmykiang/greetingsLib.git#04118bb653f3b8dc23eba90ab2587aebb26a8a92"
